
Microsoft Visual Studio Solution File, Format Version 12.00
# Visual Studio Version 17
VisualStudioVersion = 17.9.34616.47
MinimumVisualStudioVersion = 10.0.40219.1
Project("{FAE04EC0-301F-11D3-BF4B-00C04F79EFBC}") = "eBAauthentication", "eBAauthentication.csproj", "{9BBBABC1-7C39-4372-93D0-268BC3E9AF8C}"
EndProject
Global
	GlobalSection(SolutionConfigurationPlatforms) = preSolution
		Debug|Any CPU = Debug|Any CPU
		Release|Any CPU = Release|Any CPU
	EndGlobalSection
	GlobalSection(ProjectConfigurationPlatforms) = postSolution
		{9BBBABC1-7C39-4372-93D0-268BC3E9AF8C}.Debug|Any CPU.ActiveCfg = Debug|Any CPU
		{9BBBABC1-7C39-4372-93D0-268BC3E9AF8C}.Debug|Any CPU.Build.0 = Debug|Any CPU
		{9BBBABC1-7C39-4372-93D0-268BC3E9AF8C}.Release|Any CPU.ActiveCfg = Release|Any CPU
		{9BBBABC1-7C39-4372-93D0-268BC3E9AF8C}.Release|Any CPU.Build.0 = Release|Any CPU
	EndGlobalSection
	GlobalSection(SolutionProperties) = preSolution
		HideSolutionNode = FALSE
	EndGlobalSection
	GlobalSection(ExtensibilityGlobals) = postSolution
		SolutionGuid = {FD34F075-A2B1-4673-A6DE-7927D0B14D64}
	EndGlobalSection
EndGlobal
